
Microsoft Visual Studio Solution File, Format Version 12.00
# Visual Studio 2012
Project("{FAE04EC0-301F-11D3-BF4B-00C04F79EFBC}") = "Waterman", "Waterman\Waterman.csproj", "{7448C843-3C95-47B4-A578-03A9E4A070A1}"
EndProject
Project("{FAE04EC0-301F-11D3-BF4B-00C04F79EFBC}") = "Waterman.Test", "Waterman.Test\Waterman.Test.csproj", "{DAAA43F8-0844-4491-B331-935FE48D6A6D}"
EndProject
Project("{FAE04EC0-301F-11D3-BF4B-00C04F79EFBC}") = "Waterman.DataAccess", "Waterman.DataAccess\Waterman.DataAccess.csproj", "{F08DAFFE-22ED-45CC-B099-73D69EF07364}"
EndProject
Global
	GlobalSection(SolutionConfigurationPlatforms) = preSolution
		Debug|Any CPU = Debug|Any CPU
		Release|Any CPU = Release|Any CPU
	EndGlobalSection
	GlobalSection(ProjectConfigurationPlatforms) = postSolution
		{7448C843-3C95-47B4-A578-03A9E4A070A1}.Debug|Any CPU.ActiveCfg = Debug|Any CPU
		{7448C843-3C95-47B4-A578-03A9E4A070A1}.Debug|Any CPU.Build.0 = Debug|Any CPU
		{7448C843-3C95-47B4-A578-03A9E4A070A1}.Release|Any CPU.ActiveCfg = Release|Any CPU
		{7448C843-3C95-47B4-A578-03A9E4A070A1}.Release|Any CPU.Build.0 = Release|Any CPU
		{DAAA43F8-0844-4491-B331-935FE48D6A6D}.Debug|Any CPU.ActiveCfg = Debug|Any CPU
		{DAAA43F8-0844-4491-B331-935FE48D6A6D}.Debug|Any CPU.Build.0 = Debug|Any CPU
		{DAAA43F8-0844-4491-B331-935FE48D6A6D}.Release|Any CPU.ActiveCfg = Release|Any CPU
		{DAAA43F8-0844-4491-B331-935FE48D6A6D}.Release|Any CPU.Build.0 = Release|Any CPU
		{F08DAFFE-22ED-45CC-B099-73D69EF07364}.Debug|Any CPU.ActiveCfg = Debug|Any CPU
		{F08DAFFE-22ED-45CC-B099-73D69EF07364}.Debug|Any CPU.Build.0 = Debug|Any CPU
		{F08DAFFE-22ED-45CC-B099-73D69EF07364}.Release|Any CPU.ActiveCfg = Release|Any CPU
		{F08DAFFE-22ED-45CC-B099-73D69EF07364}.Release|Any CPU.Build.0 = Release|Any CPU
	EndGlobalSection
EndGlobal
